
Microsoft Visual Studio Solution File, Format Version 12.00
# Visual Studio Version 17
VisualStudioVersion = 17.7.34031.279
MinimumVisualStudioVersion = 10.0.40219.1
Project("{FAE04EC0-301F-11D3-BF4B-00C04F79EFBC}") = "ParkingPlace", "ParkingPlace\ParkingPlace.csproj", "{EF4966BC-6663-41FC-95BA-9B5EA48B2F78}"
EndProject
Global
	GlobalSection(SolutionConfigurationPlatforms) = preSolution
		Debug|Any CPU = Debug|Any CPU
		Release|Any CPU = Release|Any CPU
	EndGlobalSection
	GlobalSection(ProjectConfigurationPlatforms) = postSolution
		{EF4966BC-6663-41FC-95BA-9B5EA48B2F78}.Debug|Any CPU.ActiveCfg = Debug|Any CPU
		{EF4966BC-6663-41FC-95BA-9B5EA48B2F78}.Debug|Any CPU.Build.0 = Debug|Any CPU
		{EF4966BC-6663-41FC-95BA-9B5EA48B2F78}.Release|Any CPU.ActiveCfg = Release|Any CPU
		{EF4966BC-6663-41FC-95BA-9B5EA48B2F78}.Release|Any CPU.Build.0 = Release|Any CPU
	EndGlobalSection
	GlobalSection(SolutionProperties) = preSolution
		HideSolutionNode = FALSE
	EndGlobalSection
	GlobalSection(ExtensibilityGlobals) = postSolution
		SolutionGuid = {5DC02C5C-DF0E-425D-ABD5-8C497B96AECE}
	EndGlobalSection
EndGlobal
